
Microsoft Visual Studio Solution File, Format Version 12.00
# Visual Studio Version 17
VisualStudioVersion = 17.11.35303.130
MinimumVisualStudioVersion = 10.0.40219.1
Project("{FAE04EC0-301F-11D3-BF4B-00C04F79EFBC}") = "Geometry Dash Randomiser", "Geometry Dash Randomiser\Geometry Dash Randomiser.csproj", "{C7CF5B16-B683-40B2-8DAE-66620AC46CBE}"
EndProject
Global
	GlobalSection(SolutionConfigurationPlatforms) = preSolution
		Debug|Any CPU = Debug|Any CPU
		Release|Any CPU = Release|Any CPU
	EndGlobalSection
	GlobalSection(ProjectConfigurationPlatforms) = postSolution
		{C7CF5B16-B683-40B2-8DAE-66620AC46CBE}.Debug|Any CPU.ActiveCfg = Debug|Any CPU
		{C7CF5B16-B683-40B2-8DAE-66620AC46CBE}.Debug|Any CPU.Build.0 = Debug|Any CPU
		{C7CF5B16-B683-40B2-8DAE-66620AC46CBE}.Release|Any CPU.ActiveCfg = Release|Any CPU
		{C7CF5B16-B683-40B2-8DAE-66620AC46CBE}.Release|Any CPU.Build.0 = Release|Any CPU
	EndGlobalSection
	GlobalSection(SolutionProperties) = preSolution
		HideSolutionNode = FALSE
	EndGlobalSection
	GlobalSection(ExtensibilityGlobals) = postSolution
		SolutionGuid = {E5AC8FFA-CFDE-40F8-8D58-FCCED381AA9B}
	EndGlobalSection
EndGlobal
